
Microsoft Visual Studio Solution File, Format Version 12.00
# Visual Studio Version 16
VisualStudioVersion = 16.0.28922.388
MinimumVisualStudioVersion = 10.0.40219.1
Project("{FAE04EC0-301F-11D3-BF4B-00C04F79EFBC}") = "CalcularPlanilla", "CalcularPlanilla\CalcularPlanilla.csproj", "{9EB600F0-F84A-4DE5-8061-E4E376376606}"
EndProject
Global
	GlobalSection(SolutionConfigurationPlatforms) = preSolution
		Debug|Any CPU = Debug|Any CPU
		Release|Any CPU = Release|Any CPU
	EndGlobalSection
	GlobalSection(ProjectConfigurationPlatforms) = postSolution
		{9EB600F0-F84A-4DE5-8061-E4E376376606}.Debug|Any CPU.ActiveCfg = Debug|Any CPU
		{9EB600F0-F84A-4DE5-8061-E4E376376606}.Debug|Any CPU.Build.0 = Debug|Any CPU
		{9EB600F0-F84A-4DE5-8061-E4E376376606}.Release|Any CPU.ActiveCfg = Release|Any CPU
		{9EB600F0-F84A-4DE5-8061-E4E376376606}.Release|Any CPU.Build.0 = Release|Any CPU
	EndGlobalSection
	GlobalSection(SolutionProperties) = preSolution
		HideSolutionNode = FALSE
	EndGlobalSection
	GlobalSection(ExtensibilityGlobals) = postSolution
		SolutionGuid = {7D8CC35B-433E-472F-B410-FB24F417F877}
	EndGlobalSection
EndGlobal
